{
  "name": "Ayar",
  "lockfileVersion": 3,
  "requires": true,
  "packages": {
    "": {
      "dependencies": {
        "@lottiefiles/dotlottie-react": "^0.17.14"
      }
    },
    "node_modules/@lottiefiles/dotlottie-react": {
      "version": "0.17.14",
      "resolved": "https://registry.npmjs.org/@lottiefiles/dotlottie-react/-/dotlottie-react-0.17.14.tgz",
      "integrity": "sha512-L0tkljd0WIXw0pc72ffS8wVVzFV58Y2Ell5T4PvC0AxOqVvyMXzNErst5tjNdVL9sy2vhJ3n7qAR5S5hwox7VQ==",
      "license": "MIT",
      "dependencies": {
        "@lottiefiles/dotlottie-web": "0.62.0"
      },
      "peerDependencies": {
        "react": "^17 || ^18 || ^19"
      }
    },
    "node_modules/@lottiefiles/dotlottie-web": {
      "version": "0.62.0",
      "resolved": "https://registry.npmjs.org/@lottiefiles/dotlottie-web/-/dotlottie-web-0.62.0.tgz",
      "integrity": "sha512-iOvJnOoN202ZtGxT8yFe4Lhh8pj8vTGEEyUJMiNNrTZTGLrp9zSbFZEAow5ICd/MSoAYqDPbSLR/AHYHXq8RLQ==",
      "license": "MIT"
    },
    "node_modules/react": {
      "version": "19.2.4",
      "resolved": "https://registry.npmjs.org/react/-/react-19.2.4.tgz",
      "integrity": "sha512-9nfp2hYpCwOjAN+8TZFGhtWEwgvWHXqESH8qT89AT/lWklpLON22Lc8pEtnpsZz7VmawabSU0gCjnj8aC0euHQ==",
      "license": "MIT",
      "peer": true,
      "engines": {
        "node": ">=0.10.0"
      }
    }
  }
}
